
Microsoft Visual Studio Solution File, Format Version 12.00
# Visual Studio Version 17
VisualStudioVersion = 17.10.35027.167
MinimumVisualStudioVersion = 10.0.40219.1
Project("{FAE04EC0-301F-11D3-BF4B-00C04F79EFBC}") = "Check2", "Check2\Check2.csproj", "{3BEEC4C9-599E-4571-8521-5B36F5DB01FF}"
EndProject
Global
	GlobalSection(SolutionConfigurationPlatforms) = preSolution
		Debug|Any CPU = Debug|Any CPU
		Release|Any CPU = Release|Any CPU
	EndGlobalSection
	GlobalSection(ProjectConfigurationPlatforms) = postSolution
		{3BEEC4C9-599E-4571-8521-5B36F5DB01FF}.Debug|Any CPU.ActiveCfg = Debug|Any CPU
		{3BEEC4C9-599E-4571-8521-5B36F5DB01FF}.Debug|Any CPU.Build.0 = Debug|Any CPU
		{3BEEC4C9-599E-4571-8521-5B36F5DB01FF}.Release|Any CPU.ActiveCfg = Release|Any CPU
		{3BEEC4C9-599E-4571-8521-5B36F5DB01FF}.Release|Any CPU.Build.0 = Release|Any CPU
	EndGlobalSection
	GlobalSection(SolutionProperties) = preSolution
		HideSolutionNode = FALSE
	EndGlobalSection
	GlobalSection(ExtensibilityGlobals) = postSolution
		SolutionGuid = {6EA9000B-7177-48AB-8A01-32486A0A7F55}
	EndGlobalSection
EndGlobal
